# THIS IS AN AUTOGENERATED FILE. DO NOT EDIT THIS FILE DIRECTLY.
# yarn lockfile v1


tailwind-scrollbar-hide@^4.0.0:
  version "4.0.0"
  resolved "https://registry.yarnpkg.com/tailwind-scrollbar-hide/-/tailwind-scrollbar-hide-4.0.0.tgz#98ea96fe30980621665e3a3842a0aa004da9dd80"
  integrity sha512-gobtvVcThB2Dxhy0EeYSS1RKQJ5baDFkamkhwBvzvevwX6L4XQfpZ3me9s25Ss1ecFVT5jPYJ50n+7xTBJG9WQ==
